{
  "version": 4,
  "terraform_version": "1.3.4",
  "serial": 42,
  "lineage": "e6229a9a-4f42-056e-c560-9b2bafc99360",
  "outputs": {},
  "resources": [
    {
      "mode": "managed",
      "type": "digitalocean_domain",
      "name": "juansilvaphoto",
      "provider": "provider[\"registry.terraform.io/digitalocean/digitalocean\"]",
      "instances": [
        {
          "schema_version": 0,
          "attributes": {
            "id": "juansilvaphoto.com",
            "ip_address": "143.110.149.224",
            "name": "juansilvaphoto.com",
            "ttl": 1800,
            "urn": "do:domain:juansilvaphoto.com"
          },
          "sensitive_attributes": [],
          "private": "bnVsbA==",
          "dependencies": [
            "digitalocean_droplet.QNODE01",
            "digitalocean_ssh_key.qnd01"
          ]
        }
      ]
    },
    {
      "mode": "managed",
      "type": "digitalocean_droplet",
      "name": "QNODE01",
      "provider": "provider[\"registry.terraform.io/digitalocean/digitalocean\"]",
      "instances": [
        {
          "schema_version": 1,
          "attributes": {
            "backups": false,
            "created_at": "2022-11-16T04:56:53Z",
            "disk": 25,
            "droplet_agent": null,
            "graceful_shutdown": false,
            "id": "326240422",
            "image": "ubuntu-22-04-x64",
            "ipv4_address": "143.110.149.224",
            "ipv4_address_private": "10.124.0.2",
            "ipv6": false,
            "ipv6_address": "",
            "locked": false,
            "memory": 1024,
            "monitoring": false,
            "name": "QNODE01",
            "price_hourly": 0.00893,
            "price_monthly": 6,
            "private_networking": true,
            "region": "sfo3",
            "resize_disk": true,
            "size": "s-1vcpu-1gb",
            "ssh_keys": [
              "e9:ba:68:3d:da:f7:d5:48:b9:13:e5:6d:0d:2f:aa:f1"
            ],
            "status": "active",
            "tags": null,
            "timeouts": null,
            "urn": "do:droplet:326240422",
            "user_data": "7c75347a66ae3963b9969f535ab9d12a749f9d32",
            "vcpus": 1,
            "volume_ids": [],
            "vpc_uuid": "970fddd7-9e69-48d6-8ae6-ae26bb6be1ba"
          },
          "sensitive_attributes": [],
          "private": "eyJlMmJmYjczMC1lY2FhLTExZTYtOGY4OC0zNDM2M2JjN2M0YzAiOnsiY3JlYXRlIjozNjAwMDAwMDAwMDAwLCJkZWxldGUiOjYwMDAwMDAwMDAwLCJ1cGRhdGUiOjM2MDAwMDAwMDAwMDB9LCJzY2hlbWFfdmVyc2lvbiI6IjEifQ==",
          "dependencies": [
            "digitalocean_ssh_key.qnd01"
          ]
        }
      ]
    },
    {
      "mode": "managed",
      "type": "digitalocean_record",
      "name": "www",
      "provider": "provider[\"registry.terraform.io/digitalocean/digitalocean\"]",
      "instances": [
        {
          "schema_version": 0,
          "attributes": {
            "domain": "juansilvaphoto.com",
            "flags": 0,
            "fqdn": "juansilvaphoto.com.juansilvaphoto.com",
            "id": "349139543",
            "name": "juansilvaphoto.com",
            "port": 0,
            "priority": 0,
            "tag": "",
            "ttl": 50,
            "type": "A",
            "value": "143.110.149.224",
            "weight": 0
          },
          "sensitive_attributes": [],
          "private": "bnVsbA==",
          "dependencies": [
            "digitalocean_domain.juansilvaphoto",
            "digitalocean_droplet.QNODE01",
            "digitalocean_ssh_key.qnd01"
          ]
        }
      ]
    },
    {
      "mode": "managed",
      "type": "digitalocean_ssh_key",
      "name": "qnd01",
      "provider": "provider[\"registry.terraform.io/digitalocean/digitalocean\"]",
      "instances": [
        {
          "schema_version": 0,
          "attributes": {
            "fingerprint": "e9:ba:68:3d:da:f7:d5:48:b9:13:e5:6d:0d:2f:aa:f1",
            "id": "36783040",
            "name": "qnd01",
            "public_key": "ssh-rsa AAAAB3NzaC1yc2EAAAADAQABAAABgQDOe1HWqlOqVFpdVYEufyvfKpbxoFXV0WYLnRl+HjbxSLw8vi8Um8tsj8YM9Yi0BwczKc/PxQYgDjLfy8Oa+uik5Qex4bUB4aPkT4vPF6XILytJHWl6X6B4xsLW+lbTrPJibG/ut+8rv9AYm0wSvziiMiMgkbvGYHstJEZNJe1UjWzc1kaVCQt7hP2gI6v3U9w1Dv+ClKG5Kp1/oolvEPddhq7FP9LZi+y0sgfam/gkAwet1CbiDdR7bGXwzz57lv8kbU2SnrwDPoxAZKaQfHC9RKhnwmJHkumDvsdtUJJPt7caJgKVjjhR7X0wq3wWupA9Vpd2HuKb7Z9Xlxz1S3axd86NVLB0omGC71oLgnDrlH/LKESHthHIWtZnYOToAf9aFnkYJWmmlZIdQPSEN0szEnPalXLswyWZnNDCEZCsXBvPL+FtK3vJ0ip1qMJN3poxjsPdv+fzCb9JbXgi9BePO5uJdBZYTizlGBEnUsrgLB8kLZMnxiOgXTJibf6y0HU= smartquail@MacBook-Air-de-smartquail.local"
          },
          "sensitive_attributes": [],
          "private": "bnVsbA=="
        }
      ]
    }
  ],
  "check_results": null
}
